%{"bunt": {:hex, :bunt, "0.2.0", "951c6e801e8b1d2cbe58ebbd3e616a869061ddadcc4863d0a2182541acae9a38", [:mix], [], "hexpm"},
  "connection": {:hex, :connection, "1.0.4", "a1cae72211f0eef17705aaededacac3eb30e6625b04a6117c1b2db6ace7d5976", [:mix], [], "hexpm"},
  "credo": {:hex, :credo, "0.8.6", "335f723772d35da499b5ebfdaf6b426bfb73590b6fcbc8908d476b75f8cbca3f", [:mix], [{:bunt, "~> 0.2.0", [hex: :bunt, repo: "hexpm", optional: false]}], "hexpm"},
  "earmark": {:hex, :earmark, "1.2.3", "206eb2e2ac1a794aa5256f3982de7a76bf4579ff91cb28d0e17ea2c9491e46a4", [:mix], [], "hexpm"},
  "ex_doc": {:hex, :ex_doc, "0.16.4", "4bf6b82d4f0a643b500366ed7134896e8cccdbab4d1a7a35524951b25b1ec9f0", [:mix], [{:earmark, "~> 1.1", [hex: :earmark, repo: "hexpm", optional: false]}], "hexpm"},
  "velocy_pack": {:hex, :velocy_pack, "0.0.6", "a088a86c392388c6b61aa3b95f990f0aad8d2a8547756ee25576e3d25d15e75c", [:mix], [], "hexpm"},
  "velocy_stream": {:hex, :velocy_stream, "0.0.1", "38fce629d1d47de54c799940546bf3d84d544a140f26c79f7a5cec2474705f58", [:mix], [], "hexpm"}}
